
Microsoft Visual Studio Solution File, Format Version 12.00
Project("{FAE04EC0-301F-11D3-BF4B-00C04F79EFBC}") = "Leetcode", "Leetcode\Leetcode.csproj", "{33842D9E-B821-4C75-9863-C3FCCF33678E}"
EndProject
Global
	GlobalSection(SolutionConfigurationPlatforms) = preSolution
		Debug|Any CPU = Debug|Any CPU
		Release|Any CPU = Release|Any CPU
	EndGlobalSection
	GlobalSection(ProjectConfigurationPlatforms) = postSolution
		{33842D9E-B821-4C75-9863-C3FCCF33678E}.Debug|Any CPU.ActiveCfg = Debug|Any CPU
		{33842D9E-B821-4C75-9863-C3FCCF33678E}.Debug|Any CPU.Build.0 = Debug|Any CPU
		{33842D9E-B821-4C75-9863-C3FCCF33678E}.Release|Any CPU.ActiveCfg = Release|Any CPU
		{33842D9E-B821-4C75-9863-C3FCCF33678E}.Release|Any CPU.Build.0 = Release|Any CPU
	EndGlobalSection
EndGlobal
